{
  "name": "baugesuchaddin",
  "version": "1.0.0",
  "lockfileVersion": 3,
  "requires": true,
  "packages": {
    "": {
      "name": "baugesuchaddin",
      "version": "1.0.0",
      "license": "ISC",
      "dependencies": {
        "@microsoft/office-js": "^1.1.109"
      }
    },
    "node_modules/@microsoft/office-js": {
      "version": "1.1.109",
      "resolved": "https://registry.npmjs.org/@microsoft/office-js/-/office-js-1.1.109.tgz",
      "integrity": "sha512-+718Cvbrj7oV14Qo8c72S2Axgl45WHuxispXD9hRUxd+fznBFrDAiLfNeHjhwflJYxyTY4r8afJMjaSFgiId7w==",
      "license": "LICENSE",
      "engines": {
        "node": ">=6.9.4"
      }
    }
  }
}
